<?xml version="1.0" encoding="UTF-8" standalone="yes" ?>
<CodeBlocks_project_file>
   <FileVersion major="1" minor="6" />
   <Project>
      <Option title="AbjectLanguage" />
      <Option makefile_is_custom="1" />
      <Option compiler="gcc" />
      <Option virtualFolders="CMake Files\;" />
      <Build>
      <Target title="all">
         <Option working_dir="/home/aferrand/dev/perso/Abject-Language/build-src-Desktop-Debug" />
         <Option type="4" />
         <MakeCommands>
            <Build command="/usr/bin/make -f &quot;/home/aferrand/dev/perso/Abject-Language/build-src-Desktop-Debug/Makefile&quot;  VERBOSE=1 all" />
            <CompileFile command="/usr/bin/make -f &quot;/home/aferrand/dev/perso/Abject-Language/build-src-Desktop-Debug/Makefile&quot;  VERBOSE=1 &quot;$file&quot;" />
            <Clean command="/usr/bin/make -f &quot;/home/aferrand/dev/perso/Abject-Language/build-src-Desktop-Debug/Makefile&quot;  VERBOSE=1 clean" />
            <DistClean command="/usr/bin/make -f &quot;/home/aferrand/dev/perso/Abject-Language/build-src-Desktop-Debug/Makefile&quot;  VERBOSE=1 clean" />
         </MakeCommands>
      </Target>
      <Target title="Onirism">
         <Option output="/home/aferrand/dev/perso/Abject-Language/build-src-Desktop-Debug/Onirism" prefix_auto="0" extension_auto="0" />
         <Option working_dir="/home/aferrand/dev/perso/Abject-Language/build-src-Desktop-Debug" />
         <Option object_output="./" />
         <Option type="1" />
         <Option compiler="gcc" />
         <Compiler>
            <Add directory="/home/aferrand/dev/perso/Abject-Language/build-src-Desktop-Debug" />
            <Add directory="/home/aferrand/dev/perso/Abject-Language/src" />
            <Add directory="/usr/include" />
            <Add directory="/usr/lib/gcc/x86_64-pc-linux-gnu/6.1.1/../../../../include/c++/6.1.1" />
            <Add directory="/usr/lib/gcc/x86_64-pc-linux-gnu/6.1.1/../../../../include/c++/6.1.1/backward" />
            <Add directory="/usr/lib/gcc/x86_64-pc-linux-gnu/6.1.1/../../../../include/c++/6.1.1/x86_64-pc-linux-gnu" />
            <Add directory="/usr/lib/gcc/x86_64-pc-linux-gnu/6.1.1/include" />
            <Add directory="/usr/lib/gcc/x86_64-pc-linux-gnu/6.1.1/include-fixed" />
            <Add directory="/usr/local/include" />
         </Compiler>
         <MakeCommands>
            <Build command="/usr/bin/make -f &quot;/home/aferrand/dev/perso/Abject-Language/build-src-Desktop-Debug/Makefile&quot;  VERBOSE=1 Onirism" />
            <CompileFile command="/usr/bin/make -f &quot;/home/aferrand/dev/perso/Abject-Language/build-src-Desktop-Debug/Makefile&quot;  VERBOSE=1 &quot;$file&quot;" />
            <Clean command="/usr/bin/make -f &quot;/home/aferrand/dev/perso/Abject-Language/build-src-Desktop-Debug/Makefile&quot;  VERBOSE=1 clean" />
            <DistClean command="/usr/bin/make -f &quot;/home/aferrand/dev/perso/Abject-Language/build-src-Desktop-Debug/Makefile&quot;  VERBOSE=1 clean" />
         </MakeCommands>
      </Target>
      <Target title="Onirism/fast">
         <Option output="/home/aferrand/dev/perso/Abject-Language/build-src-Desktop-Debug/Onirism" prefix_auto="0" extension_auto="0" />
         <Option working_dir="/home/aferrand/dev/perso/Abject-Language/build-src-Desktop-Debug" />
         <Option object_output="./" />
         <Option type="1" />
         <Option compiler="gcc" />
         <Compiler>
            <Add directory="/home/aferrand/dev/perso/Abject-Language/build-src-Desktop-Debug" />
            <Add directory="/home/aferrand/dev/perso/Abject-Language/src" />
            <Add directory="/usr/include" />
            <Add directory="/usr/lib/gcc/x86_64-pc-linux-gnu/6.1.1/../../../../include/c++/6.1.1" />
            <Add directory="/usr/lib/gcc/x86_64-pc-linux-gnu/6.1.1/../../../../include/c++/6.1.1/backward" />
            <Add directory="/usr/lib/gcc/x86_64-pc-linux-gnu/6.1.1/../../../../include/c++/6.1.1/x86_64-pc-linux-gnu" />
            <Add directory="/usr/lib/gcc/x86_64-pc-linux-gnu/6.1.1/include" />
            <Add directory="/usr/lib/gcc/x86_64-pc-linux-gnu/6.1.1/include-fixed" />
            <Add directory="/usr/local/include" />
         </Compiler>
         <MakeCommands>
            <Build command="/usr/bin/make -f &quot;/home/aferrand/dev/perso/Abject-Language/build-src-Desktop-Debug/Makefile&quot;  VERBOSE=1 Onirism/fast" />
            <CompileFile command="/usr/bin/make -f &quot;/home/aferrand/dev/perso/Abject-Language/build-src-Desktop-Debug/Makefile&quot;  VERBOSE=1 &quot;$file&quot;" />
            <Clean command="/usr/bin/make -f &quot;/home/aferrand/dev/perso/Abject-Language/build-src-Desktop-Debug/Makefile&quot;  VERBOSE=1 clean" />
            <DistClean command="/usr/bin/make -f &quot;/home/aferrand/dev/perso/Abject-Language/build-src-Desktop-Debug/Makefile&quot;  VERBOSE=1 clean" />
         </MakeCommands>
      </Target>
      <Target title="edit_cache">
         <Option working_dir="/home/aferrand/dev/perso/Abject-Language/build-src-Desktop-Debug" />
         <Option type="4" />
         <MakeCommands>
            <Build command="/usr/bin/make -f &quot;/home/aferrand/dev/perso/Abject-Language/build-src-Desktop-Debug/Makefile&quot;  VERBOSE=1 edit_cache" />
            <CompileFile command="/usr/bin/make -f &quot;/home/aferrand/dev/perso/Abject-Language/build-src-Desktop-Debug/Makefile&quot;  VERBOSE=1 &quot;$file&quot;" />
            <Clean command="/usr/bin/make -f &quot;/home/aferrand/dev/perso/Abject-Language/build-src-Desktop-Debug/Makefile&quot;  VERBOSE=1 clean" />
            <DistClean command="/usr/bin/make -f &quot;/home/aferrand/dev/perso/Abject-Language/build-src-Desktop-Debug/Makefile&quot;  VERBOSE=1 clean" />
         </MakeCommands>
      </Target>
      <Target title="AbjectTools">
         <Option output="/home/aferrand/dev/perso/Abject-Language/build-src-Desktop-Debug/libAbjectTools.a" prefix_auto="0" extension_auto="0" />
         <Option working_dir="/home/aferrand/dev/perso/Abject-Language/build-src-Desktop-Debug" />
         <Option object_output="./" />
         <Option type="2" />
         <Option compiler="gcc" />
         <Compiler>
            <Add directory="/home/aferrand/dev/perso/Abject-Language/build-src-Desktop-Debug" />
            <Add directory="/home/aferrand/dev/perso/Abject-Language/src" />
            <Add directory="/usr/include" />
            <Add directory="/usr/lib/gcc/x86_64-pc-linux-gnu/6.1.1/../../../../include/c++/6.1.1" />
            <Add directory="/usr/lib/gcc/x86_64-pc-linux-gnu/6.1.1/../../../../include/c++/6.1.1/backward" />
            <Add directory="/usr/lib/gcc/x86_64-pc-linux-gnu/6.1.1/../../../../include/c++/6.1.1/x86_64-pc-linux-gnu" />
            <Add directory="/usr/lib/gcc/x86_64-pc-linux-gnu/6.1.1/include" />
            <Add directory="/usr/lib/gcc/x86_64-pc-linux-gnu/6.1.1/include-fixed" />
            <Add directory="/usr/local/include" />
         </Compiler>
         <MakeCommands>
            <Build command="/usr/bin/make -f &quot;/home/aferrand/dev/perso/Abject-Language/build-src-Desktop-Debug/Makefile&quot;  VERBOSE=1 AbjectTools" />
            <CompileFile command="/usr/bin/make -f &quot;/home/aferrand/dev/perso/Abject-Language/build-src-Desktop-Debug/Makefile&quot;  VERBOSE=1 &quot;$file&quot;" />
            <Clean command="/usr/bin/make -f &quot;/home/aferrand/dev/perso/Abject-Language/build-src-Desktop-Debug/Makefile&quot;  VERBOSE=1 clean" />
            <DistClean command="/usr/bin/make -f &quot;/home/aferrand/dev/perso/Abject-Language/build-src-Desktop-Debug/Makefile&quot;  VERBOSE=1 clean" />
         </MakeCommands>
      </Target>
      <Target title="AbjectTools/fast">
         <Option output="/home/aferrand/dev/perso/Abject-Language/build-src-Desktop-Debug/libAbjectTools.a" prefix_auto="0" extension_auto="0" />
         <Option working_dir="/home/aferrand/dev/perso/Abject-Language/build-src-Desktop-Debug" />
         <Option object_output="./" />
         <Option type="2" />
         <Option compiler="gcc" />
         <Compiler>
            <Add directory="/home/aferrand/dev/perso/Abject-Language/build-src-Desktop-Debug" />
            <Add directory="/home/aferrand/dev/perso/Abject-Language/src" />
            <Add directory="/usr/include" />
            <Add directory="/usr/lib/gcc/x86_64-pc-linux-gnu/6.1.1/../../../../include/c++/6.1.1" />
            <Add directory="/usr/lib/gcc/x86_64-pc-linux-gnu/6.1.1/../../../../include/c++/6.1.1/backward" />
            <Add directory="/usr/lib/gcc/x86_64-pc-linux-gnu/6.1.1/../../../../include/c++/6.1.1/x86_64-pc-linux-gnu" />
            <Add directory="/usr/lib/gcc/x86_64-pc-linux-gnu/6.1.1/include" />
            <Add directory="/usr/lib/gcc/x86_64-pc-linux-gnu/6.1.1/include-fixed" />
            <Add directory="/usr/local/include" />
         </Compiler>
         <MakeCommands>
            <Build command="/usr/bin/make -f &quot;/home/aferrand/dev/perso/Abject-Language/build-src-Desktop-Debug/Makefile&quot;  VERBOSE=1 AbjectTools/fast" />
            <CompileFile command="/usr/bin/make -f &quot;/home/aferrand/dev/perso/Abject-Language/build-src-Desktop-Debug/Makefile&quot;  VERBOSE=1 &quot;$file&quot;" />
            <Clean command="/usr/bin/make -f &quot;/home/aferrand/dev/perso/Abject-Language/build-src-Desktop-Debug/Makefile&quot;  VERBOSE=1 clean" />
            <DistClean command="/usr/bin/make -f &quot;/home/aferrand/dev/perso/Abject-Language/build-src-Desktop-Debug/Makefile&quot;  VERBOSE=1 clean" />
         </MakeCommands>
      </Target>
      <Target title="MetamodelCore">
         <Option output="/home/aferrand/dev/perso/Abject-Language/build-src-Desktop-Debug/libMetamodelCore.a" prefix_auto="0" extension_auto="0" />
         <Option working_dir="/home/aferrand/dev/perso/Abject-Language/build-src-Desktop-Debug" />
         <Option object_output="./" />
         <Option type="2" />
         <Option compiler="gcc" />
         <Compiler>
            <Add directory="/home/aferrand/dev/perso/Abject-Language/build-src-Desktop-Debug" />
            <Add directory="/home/aferrand/dev/perso/Abject-Language/src" />
            <Add directory="/usr/include" />
            <Add directory="/usr/lib/gcc/x86_64-pc-linux-gnu/6.1.1/../../../../include/c++/6.1.1" />
            <Add directory="/usr/lib/gcc/x86_64-pc-linux-gnu/6.1.1/../../../../include/c++/6.1.1/backward" />
            <Add directory="/usr/lib/gcc/x86_64-pc-linux-gnu/6.1.1/../../../../include/c++/6.1.1/x86_64-pc-linux-gnu" />
            <Add directory="/usr/lib/gcc/x86_64-pc-linux-gnu/6.1.1/include" />
            <Add directory="/usr/lib/gcc/x86_64-pc-linux-gnu/6.1.1/include-fixed" />
            <Add directory="/usr/local/include" />
         </Compiler>
         <MakeCommands>
            <Build command="/usr/bin/make -f &quot;/home/aferrand/dev/perso/Abject-Language/build-src-Desktop-Debug/Makefile&quot;  VERBOSE=1 MetamodelCore" />
            <CompileFile command="/usr/bin/make -f &quot;/home/aferrand/dev/perso/Abject-Language/build-src-Desktop-Debug/Makefile&quot;  VERBOSE=1 &quot;$file&quot;" />
            <Clean command="/usr/bin/make -f &quot;/home/aferrand/dev/perso/Abject-Language/build-src-Desktop-Debug/Makefile&quot;  VERBOSE=1 clean" />
            <DistClean command="/usr/bin/make -f &quot;/home/aferrand/dev/perso/Abject-Language/build-src-Desktop-Debug/Makefile&quot;  VERBOSE=1 clean" />
         </MakeCommands>
      </Target>
      <Target title="MetamodelCore/fast">
         <Option output="/home/aferrand/dev/perso/Abject-Language/build-src-Desktop-Debug/libMetamodelCore.a" prefix_auto="0" extension_auto="0" />
         <Option working_dir="/home/aferrand/dev/perso/Abject-Language/build-src-Desktop-Debug" />
         <Option object_output="./" />
         <Option type="2" />
         <Option compiler="gcc" />
         <Compiler>
            <Add directory="/home/aferrand/dev/perso/Abject-Language/build-src-Desktop-Debug" />
            <Add directory="/home/aferrand/dev/perso/Abject-Language/src" />
            <Add directory="/usr/include" />
            <Add directory="/usr/lib/gcc/x86_64-pc-linux-gnu/6.1.1/../../../../include/c++/6.1.1" />
            <Add directory="/usr/lib/gcc/x86_64-pc-linux-gnu/6.1.1/../../../../include/c++/6.1.1/backward" />
            <Add directory="/usr/lib/gcc/x86_64-pc-linux-gnu/6.1.1/../../../../include/c++/6.1.1/x86_64-pc-linux-gnu" />
            <Add directory="/usr/lib/gcc/x86_64-pc-linux-gnu/6.1.1/include" />
            <Add directory="/usr/lib/gcc/x86_64-pc-linux-gnu/6.1.1/include-fixed" />
            <Add directory="/usr/local/include" />
         </Compiler>
         <MakeCommands>
            <Build command="/usr/bin/make -f &quot;/home/aferrand/dev/perso/Abject-Language/build-src-Desktop-Debug/Makefile&quot;  VERBOSE=1 MetamodelCore/fast" />
            <CompileFile command="/usr/bin/make -f &quot;/home/aferrand/dev/perso/Abject-Language/build-src-Desktop-Debug/Makefile&quot;  VERBOSE=1 &quot;$file&quot;" />
            <Clean command="/usr/bin/make -f &quot;/home/aferrand/dev/perso/Abject-Language/build-src-Desktop-Debug/Makefile&quot;  VERBOSE=1 clean" />
            <DistClean command="/usr/bin/make -f &quot;/home/aferrand/dev/perso/Abject-Language/build-src-Desktop-Debug/Makefile&quot;  VERBOSE=1 clean" />
         </MakeCommands>
      </Target>
      <Target title="rebuild_cache">
         <Option working_dir="/home/aferrand/dev/perso/Abject-Language/build-src-Desktop-Debug" />
         <Option type="4" />
         <MakeCommands>
            <Build command="/usr/bin/make -f &quot;/home/aferrand/dev/perso/Abject-Language/build-src-Desktop-Debug/Makefile&quot;  VERBOSE=1 rebuild_cache" />
            <CompileFile command="/usr/bin/make -f &quot;/home/aferrand/dev/perso/Abject-Language/build-src-Desktop-Debug/Makefile&quot;  VERBOSE=1 &quot;$file&quot;" />
            <Clean command="/usr/bin/make -f &quot;/home/aferrand/dev/perso/Abject-Language/build-src-Desktop-Debug/Makefile&quot;  VERBOSE=1 clean" />
            <DistClean command="/usr/bin/make -f &quot;/home/aferrand/dev/perso/Abject-Language/build-src-Desktop-Debug/Makefile&quot;  VERBOSE=1 clean" />
         </MakeCommands>
      </Target>
      <Target title="AbjectC">
         <Option output="/home/aferrand/dev/perso/Abject-Language/build-src-Desktop-Debug/AbjectC" prefix_auto="0" extension_auto="0" />
         <Option working_dir="/home/aferrand/dev/perso/Abject-Language/build-src-Desktop-Debug" />
         <Option object_output="./" />
         <Option type="1" />
         <Option compiler="gcc" />
         <Compiler>
            <Add directory="/home/aferrand/dev/perso/Abject-Language/build-src-Desktop-Debug" />
            <Add directory="/home/aferrand/dev/perso/Abject-Language/src" />
            <Add directory="/usr/include" />
            <Add directory="/usr/lib/gcc/x86_64-pc-linux-gnu/6.1.1/../../../../include/c++/6.1.1" />
            <Add directory="/usr/lib/gcc/x86_64-pc-linux-gnu/6.1.1/../../../../include/c++/6.1.1/backward" />
            <Add directory="/usr/lib/gcc/x86_64-pc-linux-gnu/6.1.1/../../../../include/c++/6.1.1/x86_64-pc-linux-gnu" />
            <Add directory="/usr/lib/gcc/x86_64-pc-linux-gnu/6.1.1/include" />
            <Add directory="/usr/lib/gcc/x86_64-pc-linux-gnu/6.1.1/include-fixed" />
            <Add directory="/usr/local/include" />
         </Compiler>
         <MakeCommands>
            <Build command="/usr/bin/make -f &quot;/home/aferrand/dev/perso/Abject-Language/build-src-Desktop-Debug/Makefile&quot;  VERBOSE=1 AbjectC" />
            <CompileFile command="/usr/bin/make -f &quot;/home/aferrand/dev/perso/Abject-Language/build-src-Desktop-Debug/Makefile&quot;  VERBOSE=1 &quot;$file&quot;" />
            <Clean command="/usr/bin/make -f &quot;/home/aferrand/dev/perso/Abject-Language/build-src-Desktop-Debug/Makefile&quot;  VERBOSE=1 clean" />
            <DistClean command="/usr/bin/make -f &quot;/home/aferrand/dev/perso/Abject-Language/build-src-Desktop-Debug/Makefile&quot;  VERBOSE=1 clean" />
         </MakeCommands>
      </Target>
      <Target title="AbjectC/fast">
         <Option output="/home/aferrand/dev/perso/Abject-Language/build-src-Desktop-Debug/AbjectC" prefix_auto="0" extension_auto="0" />
         <Option working_dir="/home/aferrand/dev/perso/Abject-Language/build-src-Desktop-Debug" />
         <Option object_output="./" />
         <Option type="1" />
         <Option compiler="gcc" />
         <Compiler>
            <Add directory="/home/aferrand/dev/perso/Abject-Language/build-src-Desktop-Debug" />
            <Add directory="/home/aferrand/dev/perso/Abject-Language/src" />
            <Add directory="/usr/include" />
            <Add directory="/usr/lib/gcc/x86_64-pc-linux-gnu/6.1.1/../../../../include/c++/6.1.1" />
            <Add directory="/usr/lib/gcc/x86_64-pc-linux-gnu/6.1.1/../../../../include/c++/6.1.1/backward" />
            <Add directory="/usr/lib/gcc/x86_64-pc-linux-gnu/6.1.1/../../../../include/c++/6.1.1/x86_64-pc-linux-gnu" />
            <Add directory="/usr/lib/gcc/x86_64-pc-linux-gnu/6.1.1/include" />
            <Add directory="/usr/lib/gcc/x86_64-pc-linux-gnu/6.1.1/include-fixed" />
            <Add directory="/usr/local/include" />
         </Compiler>
         <MakeCommands>
            <Build command="/usr/bin/make -f &quot;/home/aferrand/dev/perso/Abject-Language/build-src-Desktop-Debug/Makefile&quot;  VERBOSE=1 AbjectC/fast" />
            <CompileFile command="/usr/bin/make -f &quot;/home/aferrand/dev/perso/Abject-Language/build-src-Desktop-Debug/Makefile&quot;  VERBOSE=1 &quot;$file&quot;" />
            <Clean command="/usr/bin/make -f &quot;/home/aferrand/dev/perso/Abject-Language/build-src-Desktop-Debug/Makefile&quot;  VERBOSE=1 clean" />
            <DistClean command="/usr/bin/make -f &quot;/home/aferrand/dev/perso/Abject-Language/build-src-Desktop-Debug/Makefile&quot;  VERBOSE=1 clean" />
         </MakeCommands>
      </Target>
      <Target title="AbjectCompilerTools">
         <Option output="/home/aferrand/dev/perso/Abject-Language/build-src-Desktop-Debug/libAbjectCompilerTools.a" prefix_auto="0" extension_auto="0" />
         <Option working_dir="/home/aferrand/dev/perso/Abject-Language/build-src-Desktop-Debug" />
         <Option object_output="./" />
         <Option type="2" />
         <Option compiler="gcc" />
         <Compiler>
            <Add directory="/home/aferrand/dev/perso/Abject-Language/build-src-Desktop-Debug" />
            <Add directory="/home/aferrand/dev/perso/Abject-Language/src" />
            <Add directory="/usr/include" />
            <Add directory="/usr/lib/gcc/x86_64-pc-linux-gnu/6.1.1/../../../../include/c++/6.1.1" />
            <Add directory="/usr/lib/gcc/x86_64-pc-linux-gnu/6.1.1/../../../../include/c++/6.1.1/backward" />
            <Add directory="/usr/lib/gcc/x86_64-pc-linux-gnu/6.1.1/../../../../include/c++/6.1.1/x86_64-pc-linux-gnu" />
            <Add directory="/usr/lib/gcc/x86_64-pc-linux-gnu/6.1.1/include" />
            <Add directory="/usr/lib/gcc/x86_64-pc-linux-gnu/6.1.1/include-fixed" />
            <Add directory="/usr/local/include" />
         </Compiler>
         <MakeCommands>
            <Build command="/usr/bin/make -f &quot;/home/aferrand/dev/perso/Abject-Language/build-src-Desktop-Debug/Makefile&quot;  VERBOSE=1 AbjectCompilerTools" />
            <CompileFile command="/usr/bin/make -f &quot;/home/aferrand/dev/perso/Abject-Language/build-src-Desktop-Debug/Makefile&quot;  VERBOSE=1 &quot;$file&quot;" />
            <Clean command="/usr/bin/make -f &quot;/home/aferrand/dev/perso/Abject-Language/build-src-Desktop-Debug/Makefile&quot;  VERBOSE=1 clean" />
            <DistClean command="/usr/bin/make -f &quot;/home/aferrand/dev/perso/Abject-Language/build-src-Desktop-Debug/Makefile&quot;  VERBOSE=1 clean" />
         </MakeCommands>
      </Target>
      <Target title="AbjectCompilerTools/fast">
         <Option output="/home/aferrand/dev/perso/Abject-Language/build-src-Desktop-Debug/libAbjectCompilerTools.a" prefix_auto="0" extension_auto="0" />
         <Option working_dir="/home/aferrand/dev/perso/Abject-Language/build-src-Desktop-Debug" />
         <Option object_output="./" />
         <Option type="2" />
         <Option compiler="gcc" />
         <Compiler>
            <Add directory="/home/aferrand/dev/perso/Abject-Language/build-src-Desktop-Debug" />
            <Add directory="/home/aferrand/dev/perso/Abject-Language/src" />
            <Add directory="/usr/include" />
            <Add directory="/usr/lib/gcc/x86_64-pc-linux-gnu/6.1.1/../../../../include/c++/6.1.1" />
            <Add directory="/usr/lib/gcc/x86_64-pc-linux-gnu/6.1.1/../../../../include/c++/6.1.1/backward" />
            <Add directory="/usr/lib/gcc/x86_64-pc-linux-gnu/6.1.1/../../../../include/c++/6.1.1/x86_64-pc-linux-gnu" />
            <Add directory="/usr/lib/gcc/x86_64-pc-linux-gnu/6.1.1/include" />
            <Add directory="/usr/lib/gcc/x86_64-pc-linux-gnu/6.1.1/include-fixed" />
            <Add directory="/usr/local/include" />
         </Compiler>
         <MakeCommands>
            <Build command="/usr/bin/make -f &quot;/home/aferrand/dev/perso/Abject-Language/build-src-Desktop-Debug/Makefile&quot;  VERBOSE=1 AbjectCompilerTools/fast" />
            <CompileFile command="/usr/bin/make -f &quot;/home/aferrand/dev/perso/Abject-Language/build-src-Desktop-Debug/Makefile&quot;  VERBOSE=1 &quot;$file&quot;" />
            <Clean command="/usr/bin/make -f &quot;/home/aferrand/dev/perso/Abject-Language/build-src-Desktop-Debug/Makefile&quot;  VERBOSE=1 clean" />
            <DistClean command="/usr/bin/make -f &quot;/home/aferrand/dev/perso/Abject-Language/build-src-Desktop-Debug/Makefile&quot;  VERBOSE=1 clean" />
         </MakeCommands>
      </Target>
      </Build>
      <Unit filename="/home/aferrand/dev/perso/Abject-Language/src/compiler/parser/ast.cpp">
         <Option target="AbjectCompilerTools"/>
      </Unit>
      <Unit filename="/home/aferrand/dev/perso/Abject-Language/src/compiler/parser/ast.h">
         <Option target="AbjectCompilerTools"/>
      </Unit>
      <Unit filename="/home/aferrand/dev/perso/Abject-Language/src/compiler/parser/parse.cpp">
         <Option target="AbjectCompilerTools"/>
      </Unit>
      <Unit filename="/home/aferrand/dev/perso/Abject-Language/src/compiler/parser/parse.h">
         <Option target="AbjectCompilerTools"/>
      </Unit>
      <Unit filename="/home/aferrand/dev/perso/Abject-Language/src/compilermain.cpp">
         <Option target="AbjectC"/>
      </Unit>
      <Unit filename="/home/aferrand/dev/perso/Abject-Language/src/main.cpp">
         <Option target="Onirism"/>
      </Unit>
      <Unit filename="/home/aferrand/dev/perso/Abject-Language/src/metamodel/metamodel.cc">
         <Option target="MetamodelCore"/>
      </Unit>
      <Unit filename="/home/aferrand/dev/perso/Abject-Language/src/metamodel/metamodel.h">
         <Option target="MetamodelCore"/>
      </Unit>
      <Unit filename="/home/aferrand/dev/perso/Abject-Language/src/metamodel/module.cc">
         <Option target="MetamodelCore"/>
      </Unit>
      <Unit filename="/home/aferrand/dev/perso/Abject-Language/src/metamodel/module.h">
         <Option target="MetamodelCore"/>
      </Unit>
      <Unit filename="/home/aferrand/dev/perso/Abject-Language/src/metamodel/thing.cc">
         <Option target="MetamodelCore"/>
      </Unit>
      <Unit filename="/home/aferrand/dev/perso/Abject-Language/src/metamodel/thing.h">
         <Option target="MetamodelCore"/>
      </Unit>
      <Unit filename="/home/aferrand/dev/perso/Abject-Language/src/metamodel/types.cc">
         <Option target="MetamodelCore"/>
      </Unit>
      <Unit filename="/home/aferrand/dev/perso/Abject-Language/src/metamodel/types.h">
         <Option target="MetamodelCore"/>
      </Unit>
      <Unit filename="/home/aferrand/dev/perso/Abject-Language/src/tools/countable.cc">
         <Option target="AbjectTools"/>
      </Unit>
      <Unit filename="/home/aferrand/dev/perso/Abject-Language/src/tools/countable.h">
         <Option target="AbjectTools"/>
      </Unit>
      <Unit filename="/home/aferrand/dev/perso/Abject-Language/src/tools/cref.cc">
         <Option target="AbjectTools"/>
      </Unit>
      <Unit filename="/home/aferrand/dev/perso/Abject-Language/src/tools/cref.h">
         <Option target="AbjectTools"/>
      </Unit>
      <Unit filename="/home/aferrand/dev/perso/Abject-Language/src/CMakeLists.txt">
          <Option virtualFolder="CMake Files\" />
      </Unit>
   </Project>
</CodeBlocks_project_file>
